
Microsoft Visual Studio Solution File, Format Version 12.00
# Visual Studio 15
Project("{FAE04EC0-301F-11D3-BF4B-00C04F79EFBC}") = "Unity.Timeline", "Unity.Timeline.csproj", "{9B333986-904C-9CF7-E2A5-E0A8E018538C}"
EndProject
Project("{FAE04EC0-301F-11D3-BF4B-00C04F79EFBC}") = "Unity.Timeline.Editor", "Unity.Timeline.Editor.csproj", "{6EBE4C6B-9D41-A83E-9EE6-AD3ABB6F1F2B}"
EndProject
Project("{FAE04EC0-301F-11D3-BF4B-00C04F79EFBC}") = "Unity.TextMeshPro.Editor", "Unity.TextMeshPro.Editor.csproj", "{A6C18096-539F-9D65-105C-81B85E4DEA1B}"
EndProject
Project("{FAE04EC0-301F-11D3-BF4B-00C04F79EFBC}") = "Unity.VisualScripting.Flow", "Unity.VisualScripting.Flow.csproj", "{29B46461-863B-679A-A4F4-B4BCFAC69F82}"
EndProject
Project("{FAE04EC0-301F-11D3-BF4B-00C04F79EFBC}") = "Unity.PlasticSCM.Editor", "Unity.PlasticSCM.Editor.csproj", "{5DF1C576-1C38-BB2B-34C5-EBF123D8117D}"
EndProject
Project("{FAE04EC0-301F-11D3-BF4B-00C04F79EFBC}") = "Unity.VisualScripting.Core", "Unity.VisualScripting.Core.csproj", "{33A9E79D-E3CC-334A-7EB6-886459B983EC}"
EndProject
Project("{FAE04EC0-301F-11D3-BF4B-00C04F79EFBC}") = "Unity.VisualScripting.Core.Editor", "Unity.VisualScripting.Core.Editor.csproj", "{2A20D644-9504-8927-26A6-8937BF3AC154}"
EndProject
Project("{FAE04EC0-301F-11D3-BF4B-00C04F79EFBC}") = "Unity.VisualScripting.Flow.Editor", "Unity.VisualScripting.Flow.Editor.csproj", "{CA891F19-34A2-504B-9BBD-59A20BE13CD1}"
EndProject
Project("{FAE04EC0-301F-11D3-BF4B-00C04F79EFBC}") = "UnityEditor.TestRunner", "UnityEditor.TestRunner.csproj", "{4C9B4216-8D43-F679-035E-90E749BB687D}"
EndProject
Project("{FAE04EC0-301F-11D3-BF4B-00C04F79EFBC}") = "Unity.VisualScripting.SettingsProvider.Editor", "Unity.VisualScripting.SettingsProvider.Editor.csproj", "{9C7644B4-9136-D6F0-62C6-BF42D02B879B}"
EndProject
Project("{FAE04EC0-301F-11D3-BF4B-00C04F79EFBC}") = "UnityEngine.TestRunner", "UnityEngine.TestRunner.csproj", "{2D43B591-AAAB-8718-5BA9-EF2B85E63695}"
EndProject
Project("{FAE04EC0-301F-11D3-BF4B-00C04F79EFBC}") = "Unity.VisualStudio.Editor", "Unity.VisualStudio.Editor.csproj", "{4EB7620A-E508-73A3-9F2C-9E224E79527B}"
EndProject
Project("{FAE04EC0-301F-11D3-BF4B-00C04F79EFBC}") = "Unity.TestTools.CodeCoverage.Editor.OpenCover.Model", "Unity.TestTools.CodeCoverage.Editor.OpenCover.Model.csproj", "{023733C3-52C2-D0A8-104B-1673D53261ED}"
EndProject
Project("{FAE04EC0-301F-11D3-BF4B-00C04F79EFBC}") = "Unity.Rider.Editor", "Unity.Rider.Editor.csproj", "{435A41AB-A5D2-09ED-E887-DA2DBB3C3ED7}"
EndProject
Project("{FAE04EC0-301F-11D3-BF4B-00C04F79EFBC}") = "Unity.VisualScripting.State.Editor", "Unity.VisualScripting.State.Editor.csproj", "{BB03C128-6340-86A9-5751-055692A50F71}"
EndProject
Project("{FAE04EC0-301F-11D3-BF4B-00C04F79EFBC}") = "Unity.TestTools.CodeCoverage.Editor", "Unity.TestTools.CodeCoverage.Editor.csproj", "{6F18B4C5-3E02-D19B-2EE1-5F4206FDD1C7}"
EndProject
Project("{FAE04EC0-301F-11D3-BF4B-00C04F79EFBC}") = "Unity.VisualScripting.State", "Unity.VisualScripting.State.csproj", "{F40CE381-4AE7-84B8-C1DF-53B6D910C253}"
EndProject
Project("{FAE04EC0-301F-11D3-BF4B-00C04F79EFBC}") = "Unity.TextMeshPro", "Unity.TextMeshPro.csproj", "{9646003E-D136-E6D3-9837-05BF45F1EC77}"
EndProject
Project("{FAE04EC0-301F-11D3-BF4B-00C04F79EFBC}") = "Unity.Performance.Profile-Analyzer.Editor", "Unity.Performance.Profile-Analyzer.Editor.csproj", "{7BA93F12-6078-6B7B-6A00-86679495DDD9}"
EndProject
Project("{FAE04EC0-301F-11D3-BF4B-00C04F79EFBC}") = "Unity.VSCode.Editor", "Unity.VSCode.Editor.csproj", "{220472F4-5612-DFD4-87AC-F22D07FE14C4}"
EndProject
Project("{FAE04EC0-301F-11D3-BF4B-00C04F79EFBC}") = "Unity.TestTools.CodeCoverage.Editor.OpenCover.Mono.Reflection", "Unity.TestTools.CodeCoverage.Editor.OpenCover.Mono.Reflection.csproj", "{A8576BCD-2C3A-A0A2-8DE9-4D7591493BB1}"
EndProject
Project("{FAE04EC0-301F-11D3-BF4B-00C04F79EFBC}") = "Unity.Settings.Editor", "Unity.Settings.Editor.csproj", "{07106368-65F9-CFE3-2EC4-67986EE94F03}"
EndProject
Project("{FAE04EC0-301F-11D3-BF4B-00C04F79EFBC}") = "Assembly-CSharp", "Assembly-CSharp.csproj", "{AEB08815-2475-E414-F40D-F1271D71FC0D}"
EndProject
Project("{FAE04EC0-301F-11D3-BF4B-00C04F79EFBC}") = "Unity.EditorCoroutines.Editor", "Unity.EditorCoroutines.Editor.csproj", "{3A073C50-DDC5-2183-D858-03BE6CED46E2}"
EndProject
Project("{FAE04EC0-301F-11D3-BF4B-00C04F79EFBC}") = "Unity.VisualScripting.Shared.Editor", "Unity.VisualScripting.Shared.Editor.csproj", "{48F7975E-CC4E-AA19-06CA-7B0C5B98382C}"
EndProject
Project("{FAE04EC0-301F-11D3-BF4B-00C04F79EFBC}") = "Unity.CollabProxy.Editor", "Unity.CollabProxy.Editor.csproj", "{1910B0E3-1C5A-7BBE-7BA1-3AEC9BD25766}"
EndProject
Global
	GlobalSection(SolutionConfigurationPlatforms) = preSolution
		Debug|Any CPU = Debug|Any CPU
		Release|Any CPU = Release|Any CPU
	EndGlobalSection
	GlobalSection(ProjectConfigurationPlatforms) = postSolution
		{9B333986-904C-9CF7-E2A5-E0A8E018538C}.Debug|Any CPU.ActiveCfg = Debug|Any CPU
		{9B333986-904C-9CF7-E2A5-E0A8E018538C}.Debug|Any CPU.Build.0 = Debug|Any CPU
		{9B333986-904C-9CF7-E2A5-E0A8E018538C}.Release|Any CPU.ActiveCfg = Release|Any CPU
		{9B333986-904C-9CF7-E2A5-E0A8E018538C}.Release|Any CPU.Build.0 = Release|Any CPU
		{6EBE4C6B-9D41-A83E-9EE6-AD3ABB6F1F2B}.Debug|Any CPU.ActiveCfg = Debug|Any CPU
		{6EBE4C6B-9D41-A83E-9EE6-AD3ABB6F1F2B}.Debug|Any CPU.Build.0 = Debug|Any CPU
		{6EBE4C6B-9D41-A83E-9EE6-AD3ABB6F1F2B}.Release|Any CPU.ActiveCfg = Release|Any CPU
		{6EBE4C6B-9D41-A83E-9EE6-AD3ABB6F1F2B}.Release|Any CPU.Build.0 = Release|Any CPU
		{A6C18096-539F-9D65-105C-81B85E4DEA1B}.Debug|Any CPU.ActiveCfg = Debug|Any CPU
		{A6C18096-539F-9D65-105C-81B85E4DEA1B}.Debug|Any CPU.Build.0 = Debug|Any CPU
		{A6C18096-539F-9D65-105C-81B85E4DEA1B}.Release|Any CPU.ActiveCfg = Release|Any CPU
		{A6C18096-539F-9D65-105C-81B85E4DEA1B}.Release|Any CPU.Build.0 = Release|Any CPU
		{29B46461-863B-679A-A4F4-B4BCFAC69F82}.Debug|Any CPU.ActiveCfg = Debug|Any CPU
		{29B46461-863B-679A-A4F4-B4BCFAC69F82}.Debug|Any CPU.Build.0 = Debug|Any CPU
		{29B46461-863B-679A-A4F4-B4BCFAC69F82}.Release|Any CPU.ActiveCfg = Release|Any CPU
		{29B46461-863B-679A-A4F4-B4BCFAC69F82}.Release|Any CPU.Build.0 = Release|Any CPU
		{5DF1C576-1C38-BB2B-34C5-EBF123D8117D}.Debug|Any CPU.ActiveCfg = Debug|Any CPU
		{5DF1C576-1C38-BB2B-34C5-EBF123D8117D}.Debug|Any CPU.Build.0 = Debug|Any CPU
		{5DF1C576-1C38-BB2B-34C5-EBF123D8117D}.Release|Any CPU.ActiveCfg = Release|Any CPU
		{5DF1C576-1C38-BB2B-34C5-EBF123D8117D}.Release|Any CPU.Build.0 = Release|Any CPU
		{33A9E79D-E3CC-334A-7EB6-886459B983EC}.Debug|Any CPU.ActiveCfg = Debug|Any CPU
		{33A9E79D-E3CC-334A-7EB6-886459B983EC}.Debug|Any CPU.Build.0 = Debug|Any CPU
		{33A9E79D-E3CC-334A-7EB6-886459B983EC}.Release|Any CPU.ActiveCfg = Release|Any CPU
		{33A9E79D-E3CC-334A-7EB6-886459B983EC}.Release|Any CPU.Build.0 = Release|Any CPU
		{2A20D644-9504-8927-26A6-8937BF3AC154}.Debug|Any CPU.ActiveCfg = Debug|Any CPU
		{2A20D644-9504-8927-26A6-8937BF3AC154}.Debug|Any CPU.Build.0 = Debug|Any CPU
		{2A20D644-9504-8927-26A6-8937BF3AC154}.Release|Any CPU.ActiveCfg = Release|Any CPU
		{2A20D644-9504-8927-26A6-8937BF3AC154}.Release|Any CPU.Build.0 = Release|Any CPU
		{CA891F19-34A2-504B-9BBD-59A20BE13CD1}.Debug|Any CPU.ActiveCfg = Debug|Any CPU
		{CA891F19-34A2-504B-9BBD-59A20BE13CD1}.Debug|Any CPU.Build.0 = Debug|Any CPU
		{CA891F19-34A2-504B-9BBD-59A20BE13CD1}.Release|Any CPU.ActiveCfg = Release|Any CPU
		{CA891F19-34A2-504B-9BBD-59A20BE13CD1}.Release|Any CPU.Build.0 = Release|Any CPU
		{4C9B4216-8D43-F679-035E-90E749BB687D}.Debug|Any CPU.ActiveCfg = Debug|Any CPU
		{4C9B4216-8D43-F679-035E-90E749BB687D}.Debug|Any CPU.Build.0 = Debug|Any CPU
		{4C9B4216-8D43-F679-035E-90E749BB687D}.Release|Any CPU.ActiveCfg = Release|Any CPU
		{4C9B4216-8D43-F679-035E-90E749BB687D}.Release|Any CPU.Build.0 = Release|Any CPU
		{9C7644B4-9136-D6F0-62C6-BF42D02B879B}.Debug|Any CPU.ActiveCfg = Debug|Any CPU
		{9C7644B4-9136-D6F0-62C6-BF42D02B879B}.Debug|Any CPU.Build.0 = Debug|Any CPU
		{9C7644B4-9136-D6F0-62C6-BF42D02B879B}.Release|Any CPU.ActiveCfg = Release|Any CPU
		{9C7644B4-9136-D6F0-62C6-BF42D02B879B}.Release|Any CPU.Build.0 = Release|Any CPU
		{2D43B591-AAAB-8718-5BA9-EF2B85E63695}.Debug|Any CPU.ActiveCfg = Debug|Any CPU
		{2D43B591-AAAB-8718-5BA9-EF2B85E63695}.Debug|Any CPU.Build.0 = Debug|Any CPU
		{2D43B591-AAAB-8718-5BA9-EF2B85E63695}.Release|Any CPU.ActiveCfg = Release|Any CPU
		{2D43B591-AAAB-8718-5BA9-EF2B85E63695}.Release|Any CPU.Build.0 = Release|Any CPU
		{4EB7620A-E508-73A3-9F2C-9E224E79527B}.Debug|Any CPU.ActiveCfg = Debug|Any CPU
		{4EB7620A-E508-73A3-9F2C-9E224E79527B}.Debug|Any CPU.Build.0 = Debug|Any CPU
		{4EB7620A-E508-73A3-9F2C-9E224E79527B}.Release|Any CPU.ActiveCfg = Release|Any CPU
		{4EB7620A-E508-73A3-9F2C-9E224E79527B}.Release|Any CPU.Build.0 = Release|Any CPU
		{023733C3-52C2-D0A8-104B-1673D53261ED}.Debug|Any CPU.ActiveCfg = Debug|Any CPU
		{023733C3-52C2-D0A8-104B-1673D53261ED}.Debug|Any CPU.Build.0 = Debug|Any CPU
		{023733C3-52C2-D0A8-104B-1673D53261ED}.Release|Any CPU.ActiveCfg = Release|Any CPU
		{023733C3-52C2-D0A8-104B-1673D53261ED}.Release|Any CPU.Build.0 = Release|Any CPU
		{435A41AB-A5D2-09ED-E887-DA2DBB3C3ED7}.Debug|Any CPU.ActiveCfg = Debug|Any CPU
		{435A41AB-A5D2-09ED-E887-DA2DBB3C3ED7}.Debug|Any CPU.Build.0 = Debug|Any CPU
		{435A41AB-A5D2-09ED-E887-DA2DBB3C3ED7}.Release|Any CPU.ActiveCfg = Release|Any CPU
		{435A41AB-A5D2-09ED-E887-DA2DBB3C3ED7}.Release|Any CPU.Build.0 = Release|Any CPU
		{BB03C128-6340-86A9-5751-055692A50F71}.Debug|Any CPU.ActiveCfg = Debug|Any CPU
		{BB03C128-6340-86A9-5751-055692A50F71}.Debug|Any CPU.Build.0 = Debug|Any CPU
		{BB03C128-6340-86A9-5751-055692A50F71}.Release|Any CPU.ActiveCfg = Release|Any CPU
		{BB03C128-6340-86A9-5751-055692A50F71}.Release|Any CPU.Build.0 = Release|Any CPU
		{6F18B4C5-3E02-D19B-2EE1-5F4206FDD1C7}.Debug|Any CPU.ActiveCfg = Debug|Any CPU
		{6F18B4C5-3E02-D19B-2EE1-5F4206FDD1C7}.Debug|Any CPU.Build.0 = Debug|Any CPU
		{6F18B4C5-3E02-D19B-2EE1-5F4206FDD1C7}.Release|Any CPU.ActiveCfg = Release|Any CPU
		{6F18B4C5-3E02-D19B-2EE1-5F4206FDD1C7}.Release|Any CPU.Build.0 = Release|Any CPU
		{F40CE381-4AE7-84B8-C1DF-53B6D910C253}.Debug|Any CPU.ActiveCfg = Debug|Any CPU
		{F40CE381-4AE7-84B8-C1DF-53B6D910C253}.Debug|Any CPU.Build.0 = Debug|Any CPU
		{F40CE381-4AE7-84B8-C1DF-53B6D910C253}.Release|Any CPU.ActiveCfg = Release|Any CPU
		{F40CE381-4AE7-84B8-C1DF-53B6D910C253}.Release|Any CPU.Build.0 = Release|Any CPU
		{9646003E-D136-E6D3-9837-05BF45F1EC77}.Debug|Any CPU.ActiveCfg = Debug|Any CPU
		{9646003E-D136-E6D3-9837-05BF45F1EC77}.Debug|Any CPU.Build.0 = Debug|Any CPU
		{9646003E-D136-E6D3-9837-05BF45F1EC77}.Release|Any CPU.ActiveCfg = Release|Any CPU
		{9646003E-D136-E6D3-9837-05BF45F1EC77}.Release|Any CPU.Build.0 = Release|Any CPU
		{7BA93F12-6078-6B7B-6A00-86679495DDD9}.Debug|Any CPU.ActiveCfg = Debug|Any CPU
		{7BA93F12-6078-6B7B-6A00-86679495DDD9}.Debug|Any CPU.Build.0 = Debug|Any CPU
		{7BA93F12-6078-6B7B-6A00-86679495DDD9}.Release|Any CPU.ActiveCfg = Release|Any CPU
		{7BA93F12-6078-6B7B-6A00-86679495DDD9}.Release|Any CPU.Build.0 = Release|Any CPU
		{220472F4-5612-DFD4-87AC-F22D07FE14C4}.Debug|Any CPU.ActiveCfg = Debug|Any CPU
		{220472F4-5612-DFD4-87AC-F22D07FE14C4}.Debug|Any CPU.Build.0 = Debug|Any CPU
		{220472F4-5612-DFD4-87AC-F22D07FE14C4}.Release|Any CPU.ActiveCfg = Release|Any CPU
		{220472F4-5612-DFD4-87AC-F22D07FE14C4}.Release|Any CPU.Build.0 = Release|Any CPU
		{A8576BCD-2C3A-A0A2-8DE9-4D7591493BB1}.Debug|Any CPU.ActiveCfg = Debug|Any CPU
		{A8576BCD-2C3A-A0A2-8DE9-4D7591493BB1}.Debug|Any CPU.Build.0 = Debug|Any CPU
		{A8576BCD-2C3A-A0A2-8DE9-4D7591493BB1}.Release|Any CPU.ActiveCfg = Release|Any CPU
		{A8576BCD-2C3A-A0A2-8DE9-4D7591493BB1}.Release|Any CPU.Build.0 = Release|Any CPU
		{07106368-65F9-CFE3-2EC4-67986EE94F03}.Debug|Any CPU.ActiveCfg = Debug|Any CPU
		{07106368-65F9-CFE3-2EC4-67986EE94F03}.Debug|Any CPU.Build.0 = Debug|Any CPU
		{07106368-65F9-CFE3-2EC4-67986EE94F03}.Release|Any CPU.ActiveCfg = Release|Any CPU
		{07106368-65F9-CFE3-2EC4-67986EE94F03}.Release|Any CPU.Build.0 = Release|Any CPU
		{AEB08815-2475-E414-F40D-F1271D71FC0D}.Debug|Any CPU.ActiveCfg = Debug|Any CPU
		{AEB08815-2475-E414-F40D-F1271D71FC0D}.Debug|Any CPU.Build.0 = Debug|Any CPU
		{AEB08815-2475-E414-F40D-F1271D71FC0D}.Release|Any CPU.ActiveCfg = Release|Any CPU
		{AEB08815-2475-E414-F40D-F1271D71FC0D}.Release|Any CPU.Build.0 = Release|Any CPU
		{3A073C50-DDC5-2183-D858-03BE6CED46E2}.Debug|Any CPU.ActiveCfg = Debug|Any CPU
		{3A073C50-DDC5-2183-D858-03BE6CED46E2}.Debug|Any CPU.Build.0 = Debug|Any CPU
		{3A073C50-DDC5-2183-D858-03BE6CED46E2}.Release|Any CPU.ActiveCfg = Release|Any CPU
		{3A073C50-DDC5-2183-D858-03BE6CED46E2}.Release|Any CPU.Build.0 = Release|Any CPU
		{48F7975E-CC4E-AA19-06CA-7B0C5B98382C}.Debug|Any CPU.ActiveCfg = Debug|Any CPU
		{48F7975E-CC4E-AA19-06CA-7B0C5B98382C}.Debug|Any CPU.Build.0 = Debug|Any CPU
		{48F7975E-CC4E-AA19-06CA-7B0C5B98382C}.Release|Any CPU.ActiveCfg = Release|Any CPU
		{48F7975E-CC4E-AA19-06CA-7B0C5B98382C}.Release|Any CPU.Build.0 = Release|Any CPU
		{1910B0E3-1C5A-7BBE-7BA1-3AEC9BD25766}.Debug|Any CPU.ActiveCfg = Debug|Any CPU
		{1910B0E3-1C5A-7BBE-7BA1-3AEC9BD25766}.Debug|Any CPU.Build.0 = Debug|Any CPU
		{1910B0E3-1C5A-7BBE-7BA1-3AEC9BD25766}.Release|Any CPU.ActiveCfg = Release|Any CPU
		{1910B0E3-1C5A-7BBE-7BA1-3AEC9BD25766}.Release|Any CPU.Build.0 = Release|Any CPU
	EndGlobalSection
	GlobalSection(SolutionProperties) = preSolution
		HideSolutionNode = FALSE
	EndGlobalSection
EndGlobal
