
Microsoft Visual Studio Solution File, Format Version 12.00
# Visual Studio 15
Project("{FAE04EC0-301F-11D3-BF4B-00C04F79EFBC}") = "Unity.Timeline", "Unity.Timeline.csproj", "{373F2E00-FB36-F45F-D4E4-802536BB3357}"
EndProject
Project("{FAE04EC0-301F-11D3-BF4B-00C04F79EFBC}") = "Unity.Timeline.Editor", "Unity.Timeline.Editor.csproj", "{450C5A72-51BB-8A71-E4C8-6AB3793179F2}"
EndProject
Project("{FAE04EC0-301F-11D3-BF4B-00C04F79EFBC}") = "Unity.TextMeshPro.Editor", "Unity.TextMeshPro.Editor.csproj", "{D8895CC0-4F84-694E-E891-EB3BDFA9928C}"
EndProject
Project("{FAE04EC0-301F-11D3-BF4B-00C04F79EFBC}") = "Unity.VisualScripting.Flow", "Unity.VisualScripting.Flow.csproj", "{C619ADE1-7ADB-B5E8-1F85-DE42A2B6A61C}"
EndProject
Project("{FAE04EC0-301F-11D3-BF4B-00C04F79EFBC}") = "Unity.PlasticSCM.Editor", "Unity.PlasticSCM.Editor.csproj", "{7FAAA8FA-9B7A-02C4-4800-5B0D647E6768}"
EndProject
Project("{FAE04EC0-301F-11D3-BF4B-00C04F79EFBC}") = "Unity.VisualScripting.Core", "Unity.VisualScripting.Core.csproj", "{3CD698CC-BE21-C077-1409-95BA78E8F021}"
EndProject
Project("{FAE04EC0-301F-11D3-BF4B-00C04F79EFBC}") = "Unity.VisualScripting.Core.Editor", "Unity.VisualScripting.Core.Editor.csproj", "{3BB59A05-6A12-5D19-E99F-E8CF183825B2}"
EndProject
Project("{FAE04EC0-301F-11D3-BF4B-00C04F79EFBC}") = "Unity.VisualScripting.Flow.Editor", "Unity.VisualScripting.Flow.Editor.csproj", "{A43A1C66-0F43-5807-FDFB-17E0C14C10D3}"
EndProject
Project("{FAE04EC0-301F-11D3-BF4B-00C04F79EFBC}") = "UnityEditor.TestRunner", "UnityEditor.TestRunner.csproj", "{F8C8D053-9312-9601-6626-9EBBF0C873BE}"
EndProject
Project("{FAE04EC0-301F-11D3-BF4B-00C04F79EFBC}") = "Unity.VisualScripting.SettingsProvider.Editor", "Unity.VisualScripting.SettingsProvider.Editor.csproj", "{7D2F5AF3-5976-5908-73D7-0C791596808F}"
EndProject
Project("{FAE04EC0-301F-11D3-BF4B-00C04F79EFBC}") = "UnityEngine.TestRunner", "UnityEngine.TestRunner.csproj", "{07F3D435-A623-0C02-6489-895794DBC924}"
EndProject
Project("{FAE04EC0-301F-11D3-BF4B-00C04F79EFBC}") = "Unity.VisualStudio.Editor", "Unity.VisualStudio.Editor.csproj", "{FF95E9B4-1823-B2DA-0609-54E51603FE0E}"
EndProject
Project("{FAE04EC0-301F-11D3-BF4B-00C04F79EFBC}") = "Unity.TestTools.CodeCoverage.Editor.OpenCover.Model", "Unity.TestTools.CodeCoverage.Editor.OpenCover.Model.csproj", "{FE6927EC-526F-7D84-26B4-1B8A9C8126AC}"
EndProject
Project("{FAE04EC0-301F-11D3-BF4B-00C04F79EFBC}") = "Unity.Rider.Editor", "Unity.Rider.Editor.csproj", "{19290322-E723-AE74-38C8-B552474DCFC8}"
EndProject
Project("{FAE04EC0-301F-11D3-BF4B-00C04F79EFBC}") = "Unity.VisualScripting.State.Editor", "Unity.VisualScripting.State.Editor.csproj", "{95BE1677-7733-6C27-C3BE-AC15806BDF47}"
EndProject
Project("{FAE04EC0-301F-11D3-BF4B-00C04F79EFBC}") = "Unity.TestTools.CodeCoverage.Editor", "Unity.TestTools.CodeCoverage.Editor.csproj", "{0E9660BA-5E6A-95F9-C7AB-07042E87A53A}"
EndProject
Project("{FAE04EC0-301F-11D3-BF4B-00C04F79EFBC}") = "Unity.VisualScripting.State", "Unity.VisualScripting.State.csproj", "{33084850-491C-EBFD-6C21-C37D1A16F0A5}"
EndProject
Project("{FAE04EC0-301F-11D3-BF4B-00C04F79EFBC}") = "Unity.TextMeshPro", "Unity.TextMeshPro.csproj", "{FBD012A9-F4A4-74C5-D261-DFCDF4CF5A44}"
EndProject
Project("{FAE04EC0-301F-11D3-BF4B-00C04F79EFBC}") = "Assembly-CSharp", "Assembly-CSharp.csproj", "{ADAE97D5-8B27-388D-6181-A46327D3EC4C}"
EndProject
Project("{FAE04EC0-301F-11D3-BF4B-00C04F79EFBC}") = "Unity.Performance.Profile-Analyzer.Editor", "Unity.Performance.Profile-Analyzer.Editor.csproj", "{5B0139EC-B9BD-7D18-82F8-4A6895B59FF6}"
EndProject
Project("{FAE04EC0-301F-11D3-BF4B-00C04F79EFBC}") = "Unity.VSCode.Editor", "Unity.VSCode.Editor.csproj", "{93A02CA8-1A5E-C1B8-3E09-C742767D37E0}"
EndProject
Project("{FAE04EC0-301F-11D3-BF4B-00C04F79EFBC}") = "Unity.TestTools.CodeCoverage.Editor.OpenCover.Mono.Reflection", "Unity.TestTools.CodeCoverage.Editor.OpenCover.Mono.Reflection.csproj", "{1187A4E5-EE6B-ADBF-AC8A-F732B69BE99F}"
EndProject
Project("{FAE04EC0-301F-11D3-BF4B-00C04F79EFBC}") = "Unity.Settings.Editor", "Unity.Settings.Editor.csproj", "{962D3457-7423-751B-CE4D-ECE0AF0B2B51}"
EndProject
Project("{FAE04EC0-301F-11D3-BF4B-00C04F79EFBC}") = "Unity.EditorCoroutines.Editor", "Unity.EditorCoroutines.Editor.csproj", "{08936444-B7FB-18B2-3C84-CFA58ABFAD2A}"
EndProject
Project("{FAE04EC0-301F-11D3-BF4B-00C04F79EFBC}") = "Unity.VisualScripting.Shared.Editor", "Unity.VisualScripting.Shared.Editor.csproj", "{8F58318C-B249-DD83-4B51-BAEBD29B9039}"
EndProject
Project("{FAE04EC0-301F-11D3-BF4B-00C04F79EFBC}") = "Unity.CollabProxy.Editor", "Unity.CollabProxy.Editor.csproj", "{57575DDC-8EEF-89EE-8994-33762AC1F4D6}"
EndProject
Global
	GlobalSection(SolutionConfigurationPlatforms) = preSolution
		Debug|Any CPU = Debug|Any CPU
		Release|Any CPU = Release|Any CPU
	EndGlobalSection
	GlobalSection(ProjectConfigurationPlatforms) = postSolution
		{373F2E00-FB36-F45F-D4E4-802536BB3357}.Debug|Any CPU.ActiveCfg = Debug|Any CPU
		{373F2E00-FB36-F45F-D4E4-802536BB3357}.Debug|Any CPU.Build.0 = Debug|Any CPU
		{373F2E00-FB36-F45F-D4E4-802536BB3357}.Release|Any CPU.ActiveCfg = Release|Any CPU
		{373F2E00-FB36-F45F-D4E4-802536BB3357}.Release|Any CPU.Build.0 = Release|Any CPU
		{450C5A72-51BB-8A71-E4C8-6AB3793179F2}.Debug|Any CPU.ActiveCfg = Debug|Any CPU
		{450C5A72-51BB-8A71-E4C8-6AB3793179F2}.Debug|Any CPU.Build.0 = Debug|Any CPU
		{450C5A72-51BB-8A71-E4C8-6AB3793179F2}.Release|Any CPU.ActiveCfg = Release|Any CPU
		{450C5A72-51BB-8A71-E4C8-6AB3793179F2}.Release|Any CPU.Build.0 = Release|Any CPU
		{D8895CC0-4F84-694E-E891-EB3BDFA9928C}.Debug|Any CPU.ActiveCfg = Debug|Any CPU
		{D8895CC0-4F84-694E-E891-EB3BDFA9928C}.Debug|Any CPU.Build.0 = Debug|Any CPU
		{D8895CC0-4F84-694E-E891-EB3BDFA9928C}.Release|Any CPU.ActiveCfg = Release|Any CPU
		{D8895CC0-4F84-694E-E891-EB3BDFA9928C}.Release|Any CPU.Build.0 = Release|Any CPU
		{C619ADE1-7ADB-B5E8-1F85-DE42A2B6A61C}.Debug|Any CPU.ActiveCfg = Debug|Any CPU
		{C619ADE1-7ADB-B5E8-1F85-DE42A2B6A61C}.Debug|Any CPU.Build.0 = Debug|Any CPU
		{C619ADE1-7ADB-B5E8-1F85-DE42A2B6A61C}.Release|Any CPU.ActiveCfg = Release|Any CPU
		{C619ADE1-7ADB-B5E8-1F85-DE42A2B6A61C}.Release|Any CPU.Build.0 = Release|Any CPU
		{7FAAA8FA-9B7A-02C4-4800-5B0D647E6768}.Debug|Any CPU.ActiveCfg = Debug|Any CPU
		{7FAAA8FA-9B7A-02C4-4800-5B0D647E6768}.Debug|Any CPU.Build.0 = Debug|Any CPU
		{7FAAA8FA-9B7A-02C4-4800-5B0D647E6768}.Release|Any CPU.ActiveCfg = Release|Any CPU
		{7FAAA8FA-9B7A-02C4-4800-5B0D647E6768}.Release|Any CPU.Build.0 = Release|Any CPU
		{3CD698CC-BE21-C077-1409-95BA78E8F021}.Debug|Any CPU.ActiveCfg = Debug|Any CPU
		{3CD698CC-BE21-C077-1409-95BA78E8F021}.Debug|Any CPU.Build.0 = Debug|Any CPU
		{3CD698CC-BE21-C077-1409-95BA78E8F021}.Release|Any CPU.ActiveCfg = Release|Any CPU
		{3CD698CC-BE21-C077-1409-95BA78E8F021}.Release|Any CPU.Build.0 = Release|Any CPU
		{3BB59A05-6A12-5D19-E99F-E8CF183825B2}.Debug|Any CPU.ActiveCfg = Debug|Any CPU
		{3BB59A05-6A12-5D19-E99F-E8CF183825B2}.Debug|Any CPU.Build.0 = Debug|Any CPU
		{3BB59A05-6A12-5D19-E99F-E8CF183825B2}.Release|Any CPU.ActiveCfg = Release|Any CPU
		{3BB59A05-6A12-5D19-E99F-E8CF183825B2}.Release|Any CPU.Build.0 = Release|Any CPU
		{A43A1C66-0F43-5807-FDFB-17E0C14C10D3}.Debug|Any CPU.ActiveCfg = Debug|Any CPU
		{A43A1C66-0F43-5807-FDFB-17E0C14C10D3}.Debug|Any CPU.Build.0 = Debug|Any CPU
		{A43A1C66-0F43-5807-FDFB-17E0C14C10D3}.Release|Any CPU.ActiveCfg = Release|Any CPU
		{A43A1C66-0F43-5807-FDFB-17E0C14C10D3}.Release|Any CPU.Build.0 = Release|Any CPU
		{F8C8D053-9312-9601-6626-9EBBF0C873BE}.Debug|Any CPU.ActiveCfg = Debug|Any CPU
		{F8C8D053-9312-9601-6626-9EBBF0C873BE}.Debug|Any CPU.Build.0 = Debug|Any CPU
		{F8C8D053-9312-9601-6626-9EBBF0C873BE}.Release|Any CPU.ActiveCfg = Release|Any CPU
		{F8C8D053-9312-9601-6626-9EBBF0C873BE}.Release|Any CPU.Build.0 = Release|Any CPU
		{7D2F5AF3-5976-5908-73D7-0C791596808F}.Debug|Any CPU.ActiveCfg = Debug|Any CPU
		{7D2F5AF3-5976-5908-73D7-0C791596808F}.Debug|Any CPU.Build.0 = Debug|Any CPU
		{7D2F5AF3-5976-5908-73D7-0C791596808F}.Release|Any CPU.ActiveCfg = Release|Any CPU
		{7D2F5AF3-5976-5908-73D7-0C791596808F}.Release|Any CPU.Build.0 = Release|Any CPU
		{07F3D435-A623-0C02-6489-895794DBC924}.Debug|Any CPU.ActiveCfg = Debug|Any CPU
		{07F3D435-A623-0C02-6489-895794DBC924}.Debug|Any CPU.Build.0 = Debug|Any CPU
		{07F3D435-A623-0C02-6489-895794DBC924}.Release|Any CPU.ActiveCfg = Release|Any CPU
		{07F3D435-A623-0C02-6489-895794DBC924}.Release|Any CPU.Build.0 = Release|Any CPU
		{FF95E9B4-1823-B2DA-0609-54E51603FE0E}.Debug|Any CPU.ActiveCfg = Debug|Any CPU
		{FF95E9B4-1823-B2DA-0609-54E51603FE0E}.Debug|Any CPU.Build.0 = Debug|Any CPU
		{FF95E9B4-1823-B2DA-0609-54E51603FE0E}.Release|Any CPU.ActiveCfg = Release|Any CPU
		{FF95E9B4-1823-B2DA-0609-54E51603FE0E}.Release|Any CPU.Build.0 = Release|Any CPU
		{FE6927EC-526F-7D84-26B4-1B8A9C8126AC}.Debug|Any CPU.ActiveCfg = Debug|Any CPU
		{FE6927EC-526F-7D84-26B4-1B8A9C8126AC}.Debug|Any CPU.Build.0 = Debug|Any CPU
		{FE6927EC-526F-7D84-26B4-1B8A9C8126AC}.Release|Any CPU.ActiveCfg = Release|Any CPU
		{FE6927EC-526F-7D84-26B4-1B8A9C8126AC}.Release|Any CPU.Build.0 = Release|Any CPU
		{19290322-E723-AE74-38C8-B552474DCFC8}.Debug|Any CPU.ActiveCfg = Debug|Any CPU
		{19290322-E723-AE74-38C8-B552474DCFC8}.Debug|Any CPU.Build.0 = Debug|Any CPU
		{19290322-E723-AE74-38C8-B552474DCFC8}.Release|Any CPU.ActiveCfg = Release|Any CPU
		{19290322-E723-AE74-38C8-B552474DCFC8}.Release|Any CPU.Build.0 = Release|Any CPU
		{95BE1677-7733-6C27-C3BE-AC15806BDF47}.Debug|Any CPU.ActiveCfg = Debug|Any CPU
		{95BE1677-7733-6C27-C3BE-AC15806BDF47}.Debug|Any CPU.Build.0 = Debug|Any CPU
		{95BE1677-7733-6C27-C3BE-AC15806BDF47}.Release|Any CPU.ActiveCfg = Release|Any CPU
		{95BE1677-7733-6C27-C3BE-AC15806BDF47}.Release|Any CPU.Build.0 = Release|Any CPU
		{0E9660BA-5E6A-95F9-C7AB-07042E87A53A}.Debug|Any CPU.ActiveCfg = Debug|Any CPU
		{0E9660BA-5E6A-95F9-C7AB-07042E87A53A}.Debug|Any CPU.Build.0 = Debug|Any CPU
		{0E9660BA-5E6A-95F9-C7AB-07042E87A53A}.Release|Any CPU.ActiveCfg = Release|Any CPU
		{0E9660BA-5E6A-95F9-C7AB-07042E87A53A}.Release|Any CPU.Build.0 = Release|Any CPU
		{33084850-491C-EBFD-6C21-C37D1A16F0A5}.Debug|Any CPU.ActiveCfg = Debug|Any CPU
		{33084850-491C-EBFD-6C21-C37D1A16F0A5}.Debug|Any CPU.Build.0 = Debug|Any CPU
		{33084850-491C-EBFD-6C21-C37D1A16F0A5}.Release|Any CPU.ActiveCfg = Release|Any CPU
		{33084850-491C-EBFD-6C21-C37D1A16F0A5}.Release|Any CPU.Build.0 = Release|Any CPU
		{FBD012A9-F4A4-74C5-D261-DFCDF4CF5A44}.Debug|Any CPU.ActiveCfg = Debug|Any CPU
		{FBD012A9-F4A4-74C5-D261-DFCDF4CF5A44}.Debug|Any CPU.Build.0 = Debug|Any CPU
		{FBD012A9-F4A4-74C5-D261-DFCDF4CF5A44}.Release|Any CPU.ActiveCfg = Release|Any CPU
		{FBD012A9-F4A4-74C5-D261-DFCDF4CF5A44}.Release|Any CPU.Build.0 = Release|Any CPU
		{ADAE97D5-8B27-388D-6181-A46327D3EC4C}.Debug|Any CPU.ActiveCfg = Debug|Any CPU
		{ADAE97D5-8B27-388D-6181-A46327D3EC4C}.Debug|Any CPU.Build.0 = Debug|Any CPU
		{ADAE97D5-8B27-388D-6181-A46327D3EC4C}.Release|Any CPU.ActiveCfg = Release|Any CPU
		{ADAE97D5-8B27-388D-6181-A46327D3EC4C}.Release|Any CPU.Build.0 = Release|Any CPU
		{5B0139EC-B9BD-7D18-82F8-4A6895B59FF6}.Debug|Any CPU.ActiveCfg = Debug|Any CPU
		{5B0139EC-B9BD-7D18-82F8-4A6895B59FF6}.Debug|Any CPU.Build.0 = Debug|Any CPU
		{5B0139EC-B9BD-7D18-82F8-4A6895B59FF6}.Release|Any CPU.ActiveCfg = Release|Any CPU
		{5B0139EC-B9BD-7D18-82F8-4A6895B59FF6}.Release|Any CPU.Build.0 = Release|Any CPU
		{93A02CA8-1A5E-C1B8-3E09-C742767D37E0}.Debug|Any CPU.ActiveCfg = Debug|Any CPU
		{93A02CA8-1A5E-C1B8-3E09-C742767D37E0}.Debug|Any CPU.Build.0 = Debug|Any CPU
		{93A02CA8-1A5E-C1B8-3E09-C742767D37E0}.Release|Any CPU.ActiveCfg = Release|Any CPU
		{93A02CA8-1A5E-C1B8-3E09-C742767D37E0}.Release|Any CPU.Build.0 = Release|Any CPU
		{1187A4E5-EE6B-ADBF-AC8A-F732B69BE99F}.Debug|Any CPU.ActiveCfg = Debug|Any CPU
		{1187A4E5-EE6B-ADBF-AC8A-F732B69BE99F}.Debug|Any CPU.Build.0 = Debug|Any CPU
		{1187A4E5-EE6B-ADBF-AC8A-F732B69BE99F}.Release|Any CPU.ActiveCfg = Release|Any CPU
		{1187A4E5-EE6B-ADBF-AC8A-F732B69BE99F}.Release|Any CPU.Build.0 = Release|Any CPU
		{962D3457-7423-751B-CE4D-ECE0AF0B2B51}.Debug|Any CPU.ActiveCfg = Debug|Any CPU
		{962D3457-7423-751B-CE4D-ECE0AF0B2B51}.Debug|Any CPU.Build.0 = Debug|Any CPU
		{962D3457-7423-751B-CE4D-ECE0AF0B2B51}.Release|Any CPU.ActiveCfg = Release|Any CPU
		{962D3457-7423-751B-CE4D-ECE0AF0B2B51}.Release|Any CPU.Build.0 = Release|Any CPU
		{08936444-B7FB-18B2-3C84-CFA58ABFAD2A}.Debug|Any CPU.ActiveCfg = Debug|Any CPU
		{08936444-B7FB-18B2-3C84-CFA58ABFAD2A}.Debug|Any CPU.Build.0 = Debug|Any CPU
		{08936444-B7FB-18B2-3C84-CFA58ABFAD2A}.Release|Any CPU.ActiveCfg = Release|Any CPU
		{08936444-B7FB-18B2-3C84-CFA58ABFAD2A}.Release|Any CPU.Build.0 = Release|Any CPU
		{8F58318C-B249-DD83-4B51-BAEBD29B9039}.Debug|Any CPU.ActiveCfg = Debug|Any CPU
		{8F58318C-B249-DD83-4B51-BAEBD29B9039}.Debug|Any CPU.Build.0 = Debug|Any CPU
		{8F58318C-B249-DD83-4B51-BAEBD29B9039}.Release|Any CPU.ActiveCfg = Release|Any CPU
		{8F58318C-B249-DD83-4B51-BAEBD29B9039}.Release|Any CPU.Build.0 = Release|Any CPU
		{57575DDC-8EEF-89EE-8994-33762AC1F4D6}.Debug|Any CPU.ActiveCfg = Debug|Any CPU
		{57575DDC-8EEF-89EE-8994-33762AC1F4D6}.Debug|Any CPU.Build.0 = Debug|Any CPU
		{57575DDC-8EEF-89EE-8994-33762AC1F4D6}.Release|Any CPU.ActiveCfg = Release|Any CPU
		{57575DDC-8EEF-89EE-8994-33762AC1F4D6}.Release|Any CPU.Build.0 = Release|Any CPU
	EndGlobalSection
	GlobalSection(SolutionProperties) = preSolution
		HideSolutionNode = FALSE
	EndGlobalSection
EndGlobal
