
Microsoft Visual Studio Solution File, Format Version 12.00
# Visual Studio 15
Project("{FAE04EC0-301F-11D3-BF4B-00C04F79EFBC}") = "Unity.Timeline", "Unity.Timeline.csproj", "{4B6D78BB-C05A-E702-68F1-D452B8522ABB}"
EndProject
Project("{FAE04EC0-301F-11D3-BF4B-00C04F79EFBC}") = "Unity.Timeline.Editor", "Unity.Timeline.Editor.csproj", "{01DA6E20-3D95-9570-40DE-67D3E2C7CF07}"
EndProject
Project("{FAE04EC0-301F-11D3-BF4B-00C04F79EFBC}") = "Unity.TextMeshPro.Editor", "Unity.TextMeshPro.Editor.csproj", "{3875466A-B527-ECAA-E56B-87869D74EA7E}"
EndProject
Project("{FAE04EC0-301F-11D3-BF4B-00C04F79EFBC}") = "Unity.VisualScripting.Flow", "Unity.VisualScripting.Flow.csproj", "{BA7376A2-25B3-CAAC-F283-E900DEDEB939}"
EndProject
Project("{FAE04EC0-301F-11D3-BF4B-00C04F79EFBC}") = "Unity.PlasticSCM.Editor", "Unity.PlasticSCM.Editor.csproj", "{BB5498A6-1204-614E-C98F-D746A832B1E9}"
EndProject
Project("{FAE04EC0-301F-11D3-BF4B-00C04F79EFBC}") = "Unity.VisualScripting.Core", "Unity.VisualScripting.Core.csproj", "{790E7C7D-6976-C04E-8820-37FB4A85B756}"
EndProject
Project("{FAE04EC0-301F-11D3-BF4B-00C04F79EFBC}") = "Unity.VisualScripting.Core.Editor", "Unity.VisualScripting.Core.Editor.csproj", "{40F0FDE1-D711-A711-66F5-34C0C1FC9E11}"
EndProject
Project("{FAE04EC0-301F-11D3-BF4B-00C04F79EFBC}") = "Unity.VisualScripting.Flow.Editor", "Unity.VisualScripting.Flow.Editor.csproj", "{0143ABE0-AE1D-04D9-554E-4421C4078B39}"
EndProject
Project("{FAE04EC0-301F-11D3-BF4B-00C04F79EFBC}") = "UnityEditor.TestRunner", "UnityEditor.TestRunner.csproj", "{FB0227B8-CB46-DBD1-84F2-220FD444957F}"
EndProject
Project("{FAE04EC0-301F-11D3-BF4B-00C04F79EFBC}") = "Unity.VisualScripting.SettingsProvider.Editor", "Unity.VisualScripting.SettingsProvider.Editor.csproj", "{33DD4657-FC3F-4A51-1516-A9D790F6CAB0}"
EndProject
Project("{FAE04EC0-301F-11D3-BF4B-00C04F79EFBC}") = "UnityEngine.TestRunner", "UnityEngine.TestRunner.csproj", "{632F323D-A342-810E-B7DB-4A062E0E193D}"
EndProject
Project("{FAE04EC0-301F-11D3-BF4B-00C04F79EFBC}") = "Unity.VisualStudio.Editor", "Unity.VisualStudio.Editor.csproj", "{D5073C69-EAF7-0298-2B74-EC0D38B82199}"
EndProject
Project("{FAE04EC0-301F-11D3-BF4B-00C04F79EFBC}") = "Unity.TestTools.CodeCoverage.Editor.OpenCover.Model", "Unity.TestTools.CodeCoverage.Editor.OpenCover.Model.csproj", "{030BEE8E-88B1-8F34-C0A0-A84B55796ADF}"
EndProject
Project("{FAE04EC0-301F-11D3-BF4B-00C04F79EFBC}") = "Unity.Rider.Editor", "Unity.Rider.Editor.csproj", "{F44FF7A2-E9E4-BFDE-CE7B-4B5B09206C78}"
EndProject
Project("{FAE04EC0-301F-11D3-BF4B-00C04F79EFBC}") = "Unity.VisualScripting.State.Editor", "Unity.VisualScripting.State.Editor.csproj", "{6688E890-4798-83CB-6617-634238908A71}"
EndProject
Project("{FAE04EC0-301F-11D3-BF4B-00C04F79EFBC}") = "Unity.TestTools.CodeCoverage.Editor", "Unity.TestTools.CodeCoverage.Editor.csproj", "{BAF11137-A98A-3CF9-8F5D-52DDAD00A844}"
EndProject
Project("{FAE04EC0-301F-11D3-BF4B-00C04F79EFBC}") = "Unity.VisualScripting.State", "Unity.VisualScripting.State.csproj", "{F90CBEA8-8193-7303-CFFE-82A6C7D63E51}"
EndProject
Project("{FAE04EC0-301F-11D3-BF4B-00C04F79EFBC}") = "Unity.TextMeshPro", "Unity.TextMeshPro.csproj", "{747B0CD2-2881-EE29-5B66-DDCD8C404D8C}"
EndProject
Project("{FAE04EC0-301F-11D3-BF4B-00C04F79EFBC}") = "Unity.Performance.Profile-Analyzer.Editor", "Unity.Performance.Profile-Analyzer.Editor.csproj", "{F72C9539-FADB-5730-3C46-2186738FC991}"
EndProject
Project("{FAE04EC0-301F-11D3-BF4B-00C04F79EFBC}") = "Unity.VSCode.Editor", "Unity.VSCode.Editor.csproj", "{4E40C36E-1E82-DAB6-B0EC-FBC91D05F7C1}"
EndProject
Project("{FAE04EC0-301F-11D3-BF4B-00C04F79EFBC}") = "Unity.TestTools.CodeCoverage.Editor.OpenCover.Mono.Reflection", "Unity.TestTools.CodeCoverage.Editor.OpenCover.Mono.Reflection.csproj", "{9107CA6A-32C9-9CE0-D1DC-53569DD72F3C}"
EndProject
Project("{FAE04EC0-301F-11D3-BF4B-00C04F79EFBC}") = "Unity.Settings.Editor", "Unity.Settings.Editor.csproj", "{4504FAA4-98FC-6B63-6053-5E4A3D30C80B}"
EndProject
Project("{FAE04EC0-301F-11D3-BF4B-00C04F79EFBC}") = "Unity.EditorCoroutines.Editor", "Unity.EditorCoroutines.Editor.csproj", "{CF9CD7A6-88C1-6F55-FDC0-97504DE578EF}"
EndProject
Project("{FAE04EC0-301F-11D3-BF4B-00C04F79EFBC}") = "Assembly-CSharp", "Assembly-CSharp.csproj", "{C5143CBA-750E-49BF-DDAB-A161609C0C17}"
EndProject
Project("{FAE04EC0-301F-11D3-BF4B-00C04F79EFBC}") = "Unity.VisualScripting.Shared.Editor", "Unity.VisualScripting.Shared.Editor.csproj", "{7252EA48-A2B2-30FE-0702-31C62AD7A243}"
EndProject
Project("{FAE04EC0-301F-11D3-BF4B-00C04F79EFBC}") = "Unity.CollabProxy.Editor", "Unity.CollabProxy.Editor.csproj", "{9185BCB4-3F9B-2190-B36C-826C216EC911}"
EndProject
Global
	GlobalSection(SolutionConfigurationPlatforms) = preSolution
		Debug|Any CPU = Debug|Any CPU
		Release|Any CPU = Release|Any CPU
	EndGlobalSection
	GlobalSection(ProjectConfigurationPlatforms) = postSolution
		{4B6D78BB-C05A-E702-68F1-D452B8522ABB}.Debug|Any CPU.ActiveCfg = Debug|Any CPU
		{4B6D78BB-C05A-E702-68F1-D452B8522ABB}.Debug|Any CPU.Build.0 = Debug|Any CPU
		{4B6D78BB-C05A-E702-68F1-D452B8522ABB}.Release|Any CPU.ActiveCfg = Release|Any CPU
		{4B6D78BB-C05A-E702-68F1-D452B8522ABB}.Release|Any CPU.Build.0 = Release|Any CPU
		{01DA6E20-3D95-9570-40DE-67D3E2C7CF07}.Debug|Any CPU.ActiveCfg = Debug|Any CPU
		{01DA6E20-3D95-9570-40DE-67D3E2C7CF07}.Debug|Any CPU.Build.0 = Debug|Any CPU
		{01DA6E20-3D95-9570-40DE-67D3E2C7CF07}.Release|Any CPU.ActiveCfg = Release|Any CPU
		{01DA6E20-3D95-9570-40DE-67D3E2C7CF07}.Release|Any CPU.Build.0 = Release|Any CPU
		{3875466A-B527-ECAA-E56B-87869D74EA7E}.Debug|Any CPU.ActiveCfg = Debug|Any CPU
		{3875466A-B527-ECAA-E56B-87869D74EA7E}.Debug|Any CPU.Build.0 = Debug|Any CPU
		{3875466A-B527-ECAA-E56B-87869D74EA7E}.Release|Any CPU.ActiveCfg = Release|Any CPU
		{3875466A-B527-ECAA-E56B-87869D74EA7E}.Release|Any CPU.Build.0 = Release|Any CPU
		{BA7376A2-25B3-CAAC-F283-E900DEDEB939}.Debug|Any CPU.ActiveCfg = Debug|Any CPU
		{BA7376A2-25B3-CAAC-F283-E900DEDEB939}.Debug|Any CPU.Build.0 = Debug|Any CPU
		{BA7376A2-25B3-CAAC-F283-E900DEDEB939}.Release|Any CPU.ActiveCfg = Release|Any CPU
		{BA7376A2-25B3-CAAC-F283-E900DEDEB939}.Release|Any CPU.Build.0 = Release|Any CPU
		{BB5498A6-1204-614E-C98F-D746A832B1E9}.Debug|Any CPU.ActiveCfg = Debug|Any CPU
		{BB5498A6-1204-614E-C98F-D746A832B1E9}.Debug|Any CPU.Build.0 = Debug|Any CPU
		{BB5498A6-1204-614E-C98F-D746A832B1E9}.Release|Any CPU.ActiveCfg = Release|Any CPU
		{BB5498A6-1204-614E-C98F-D746A832B1E9}.Release|Any CPU.Build.0 = Release|Any CPU
		{790E7C7D-6976-C04E-8820-37FB4A85B756}.Debug|Any CPU.ActiveCfg = Debug|Any CPU
		{790E7C7D-6976-C04E-8820-37FB4A85B756}.Debug|Any CPU.Build.0 = Debug|Any CPU
		{790E7C7D-6976-C04E-8820-37FB4A85B756}.Release|Any CPU.ActiveCfg = Release|Any CPU
		{790E7C7D-6976-C04E-8820-37FB4A85B756}.Release|Any CPU.Build.0 = Release|Any CPU
		{40F0FDE1-D711-A711-66F5-34C0C1FC9E11}.Debug|Any CPU.ActiveCfg = Debug|Any CPU
		{40F0FDE1-D711-A711-66F5-34C0C1FC9E11}.Debug|Any CPU.Build.0 = Debug|Any CPU
		{40F0FDE1-D711-A711-66F5-34C0C1FC9E11}.Release|Any CPU.ActiveCfg = Release|Any CPU
		{40F0FDE1-D711-A711-66F5-34C0C1FC9E11}.Release|Any CPU.Build.0 = Release|Any CPU
		{0143ABE0-AE1D-04D9-554E-4421C4078B39}.Debug|Any CPU.ActiveCfg = Debug|Any CPU
		{0143ABE0-AE1D-04D9-554E-4421C4078B39}.Debug|Any CPU.Build.0 = Debug|Any CPU
		{0143ABE0-AE1D-04D9-554E-4421C4078B39}.Release|Any CPU.ActiveCfg = Release|Any CPU
		{0143ABE0-AE1D-04D9-554E-4421C4078B39}.Release|Any CPU.Build.0 = Release|Any CPU
		{FB0227B8-CB46-DBD1-84F2-220FD444957F}.Debug|Any CPU.ActiveCfg = Debug|Any CPU
		{FB0227B8-CB46-DBD1-84F2-220FD444957F}.Debug|Any CPU.Build.0 = Debug|Any CPU
		{FB0227B8-CB46-DBD1-84F2-220FD444957F}.Release|Any CPU.ActiveCfg = Release|Any CPU
		{FB0227B8-CB46-DBD1-84F2-220FD444957F}.Release|Any CPU.Build.0 = Release|Any CPU
		{33DD4657-FC3F-4A51-1516-A9D790F6CAB0}.Debug|Any CPU.ActiveCfg = Debug|Any CPU
		{33DD4657-FC3F-4A51-1516-A9D790F6CAB0}.Debug|Any CPU.Build.0 = Debug|Any CPU
		{33DD4657-FC3F-4A51-1516-A9D790F6CAB0}.Release|Any CPU.ActiveCfg = Release|Any CPU
		{33DD4657-FC3F-4A51-1516-A9D790F6CAB0}.Release|Any CPU.Build.0 = Release|Any CPU
		{632F323D-A342-810E-B7DB-4A062E0E193D}.Debug|Any CPU.ActiveCfg = Debug|Any CPU
		{632F323D-A342-810E-B7DB-4A062E0E193D}.Debug|Any CPU.Build.0 = Debug|Any CPU
		{632F323D-A342-810E-B7DB-4A062E0E193D}.Release|Any CPU.ActiveCfg = Release|Any CPU
		{632F323D-A342-810E-B7DB-4A062E0E193D}.Release|Any CPU.Build.0 = Release|Any CPU
		{D5073C69-EAF7-0298-2B74-EC0D38B82199}.Debug|Any CPU.ActiveCfg = Debug|Any CPU
		{D5073C69-EAF7-0298-2B74-EC0D38B82199}.Debug|Any CPU.Build.0 = Debug|Any CPU
		{D5073C69-EAF7-0298-2B74-EC0D38B82199}.Release|Any CPU.ActiveCfg = Release|Any CPU
		{D5073C69-EAF7-0298-2B74-EC0D38B82199}.Release|Any CPU.Build.0 = Release|Any CPU
		{030BEE8E-88B1-8F34-C0A0-A84B55796ADF}.Debug|Any CPU.ActiveCfg = Debug|Any CPU
		{030BEE8E-88B1-8F34-C0A0-A84B55796ADF}.Debug|Any CPU.Build.0 = Debug|Any CPU
		{030BEE8E-88B1-8F34-C0A0-A84B55796ADF}.Release|Any CPU.ActiveCfg = Release|Any CPU
		{030BEE8E-88B1-8F34-C0A0-A84B55796ADF}.Release|Any CPU.Build.0 = Release|Any CPU
		{F44FF7A2-E9E4-BFDE-CE7B-4B5B09206C78}.Debug|Any CPU.ActiveCfg = Debug|Any CPU
		{F44FF7A2-E9E4-BFDE-CE7B-4B5B09206C78}.Debug|Any CPU.Build.0 = Debug|Any CPU
		{F44FF7A2-E9E4-BFDE-CE7B-4B5B09206C78}.Release|Any CPU.ActiveCfg = Release|Any CPU
		{F44FF7A2-E9E4-BFDE-CE7B-4B5B09206C78}.Release|Any CPU.Build.0 = Release|Any CPU
		{6688E890-4798-83CB-6617-634238908A71}.Debug|Any CPU.ActiveCfg = Debug|Any CPU
		{6688E890-4798-83CB-6617-634238908A71}.Debug|Any CPU.Build.0 = Debug|Any CPU
		{6688E890-4798-83CB-6617-634238908A71}.Release|Any CPU.ActiveCfg = Release|Any CPU
		{6688E890-4798-83CB-6617-634238908A71}.Release|Any CPU.Build.0 = Release|Any CPU
		{BAF11137-A98A-3CF9-8F5D-52DDAD00A844}.Debug|Any CPU.ActiveCfg = Debug|Any CPU
		{BAF11137-A98A-3CF9-8F5D-52DDAD00A844}.Debug|Any CPU.Build.0 = Debug|Any CPU
		{BAF11137-A98A-3CF9-8F5D-52DDAD00A844}.Release|Any CPU.ActiveCfg = Release|Any CPU
		{BAF11137-A98A-3CF9-8F5D-52DDAD00A844}.Release|Any CPU.Build.0 = Release|Any CPU
		{F90CBEA8-8193-7303-CFFE-82A6C7D63E51}.Debug|Any CPU.ActiveCfg = Debug|Any CPU
		{F90CBEA8-8193-7303-CFFE-82A6C7D63E51}.Debug|Any CPU.Build.0 = Debug|Any CPU
		{F90CBEA8-8193-7303-CFFE-82A6C7D63E51}.Release|Any CPU.ActiveCfg = Release|Any CPU
		{F90CBEA8-8193-7303-CFFE-82A6C7D63E51}.Release|Any CPU.Build.0 = Release|Any CPU
		{747B0CD2-2881-EE29-5B66-DDCD8C404D8C}.Debug|Any CPU.ActiveCfg = Debug|Any CPU
		{747B0CD2-2881-EE29-5B66-DDCD8C404D8C}.Debug|Any CPU.Build.0 = Debug|Any CPU
		{747B0CD2-2881-EE29-5B66-DDCD8C404D8C}.Release|Any CPU.ActiveCfg = Release|Any CPU
		{747B0CD2-2881-EE29-5B66-DDCD8C404D8C}.Release|Any CPU.Build.0 = Release|Any CPU
		{F72C9539-FADB-5730-3C46-2186738FC991}.Debug|Any CPU.ActiveCfg = Debug|Any CPU
		{F72C9539-FADB-5730-3C46-2186738FC991}.Debug|Any CPU.Build.0 = Debug|Any CPU
		{F72C9539-FADB-5730-3C46-2186738FC991}.Release|Any CPU.ActiveCfg = Release|Any CPU
		{F72C9539-FADB-5730-3C46-2186738FC991}.Release|Any CPU.Build.0 = Release|Any CPU
		{4E40C36E-1E82-DAB6-B0EC-FBC91D05F7C1}.Debug|Any CPU.ActiveCfg = Debug|Any CPU
		{4E40C36E-1E82-DAB6-B0EC-FBC91D05F7C1}.Debug|Any CPU.Build.0 = Debug|Any CPU
		{4E40C36E-1E82-DAB6-B0EC-FBC91D05F7C1}.Release|Any CPU.ActiveCfg = Release|Any CPU
		{4E40C36E-1E82-DAB6-B0EC-FBC91D05F7C1}.Release|Any CPU.Build.0 = Release|Any CPU
		{9107CA6A-32C9-9CE0-D1DC-53569DD72F3C}.Debug|Any CPU.ActiveCfg = Debug|Any CPU
		{9107CA6A-32C9-9CE0-D1DC-53569DD72F3C}.Debug|Any CPU.Build.0 = Debug|Any CPU
		{9107CA6A-32C9-9CE0-D1DC-53569DD72F3C}.Release|Any CPU.ActiveCfg = Release|Any CPU
		{9107CA6A-32C9-9CE0-D1DC-53569DD72F3C}.Release|Any CPU.Build.0 = Release|Any CPU
		{4504FAA4-98FC-6B63-6053-5E4A3D30C80B}.Debug|Any CPU.ActiveCfg = Debug|Any CPU
		{4504FAA4-98FC-6B63-6053-5E4A3D30C80B}.Debug|Any CPU.Build.0 = Debug|Any CPU
		{4504FAA4-98FC-6B63-6053-5E4A3D30C80B}.Release|Any CPU.ActiveCfg = Release|Any CPU
		{4504FAA4-98FC-6B63-6053-5E4A3D30C80B}.Release|Any CPU.Build.0 = Release|Any CPU
		{CF9CD7A6-88C1-6F55-FDC0-97504DE578EF}.Debug|Any CPU.ActiveCfg = Debug|Any CPU
		{CF9CD7A6-88C1-6F55-FDC0-97504DE578EF}.Debug|Any CPU.Build.0 = Debug|Any CPU
		{CF9CD7A6-88C1-6F55-FDC0-97504DE578EF}.Release|Any CPU.ActiveCfg = Release|Any CPU
		{CF9CD7A6-88C1-6F55-FDC0-97504DE578EF}.Release|Any CPU.Build.0 = Release|Any CPU
		{C5143CBA-750E-49BF-DDAB-A161609C0C17}.Debug|Any CPU.ActiveCfg = Debug|Any CPU
		{C5143CBA-750E-49BF-DDAB-A161609C0C17}.Debug|Any CPU.Build.0 = Debug|Any CPU
		{C5143CBA-750E-49BF-DDAB-A161609C0C17}.Release|Any CPU.ActiveCfg = Release|Any CPU
		{C5143CBA-750E-49BF-DDAB-A161609C0C17}.Release|Any CPU.Build.0 = Release|Any CPU
		{7252EA48-A2B2-30FE-0702-31C62AD7A243}.Debug|Any CPU.ActiveCfg = Debug|Any CPU
		{7252EA48-A2B2-30FE-0702-31C62AD7A243}.Debug|Any CPU.Build.0 = Debug|Any CPU
		{7252EA48-A2B2-30FE-0702-31C62AD7A243}.Release|Any CPU.ActiveCfg = Release|Any CPU
		{7252EA48-A2B2-30FE-0702-31C62AD7A243}.Release|Any CPU.Build.0 = Release|Any CPU
		{9185BCB4-3F9B-2190-B36C-826C216EC911}.Debug|Any CPU.ActiveCfg = Debug|Any CPU
		{9185BCB4-3F9B-2190-B36C-826C216EC911}.Debug|Any CPU.Build.0 = Debug|Any CPU
		{9185BCB4-3F9B-2190-B36C-826C216EC911}.Release|Any CPU.ActiveCfg = Release|Any CPU
		{9185BCB4-3F9B-2190-B36C-826C216EC911}.Release|Any CPU.Build.0 = Release|Any CPU
	EndGlobalSection
	GlobalSection(SolutionProperties) = preSolution
		HideSolutionNode = FALSE
	EndGlobalSection
EndGlobal
